
Microsoft Visual Studio Solution File, Format Version 12.00
# Visual Studio Version 16
VisualStudioVersion = 16.0.31613.86
MinimumVisualStudioVersion = 10.0.40219.1
Project("{FAE04EC0-301F-11D3-BF4B-00C04F79EFBC}") = "Lesson1", "Lesson1\Lesson1.csproj", "{ACCB81BC-5ADA-4A14-A9C0-C1309456CA20}"
EndProject
Global
	GlobalSection(SolutionConfigurationPlatforms) = preSolution
		Debug|Any CPU = Debug|Any CPU
		Release|Any CPU = Release|Any CPU
	EndGlobalSection
	GlobalSection(ProjectConfigurationPlatforms) = postSolution
		{ACCB81BC-5ADA-4A14-A9C0-C1309456CA20}.Debug|Any CPU.ActiveCfg = Debug|Any CPU
		{ACCB81BC-5ADA-4A14-A9C0-C1309456CA20}.Debug|Any CPU.Build.0 = Debug|Any CPU
		{ACCB81BC-5ADA-4A14-A9C0-C1309456CA20}.Release|Any CPU.ActiveCfg = Release|Any CPU
		{ACCB81BC-5ADA-4A14-A9C0-C1309456CA20}.Release|Any CPU.Build.0 = Release|Any CPU
	EndGlobalSection
	GlobalSection(SolutionProperties) = preSolution
		HideSolutionNode = FALSE
	EndGlobalSection
	GlobalSection(ExtensibilityGlobals) = postSolution
		SolutionGuid = {C20DB1AA-2136-418A-959C-E0DB11A3FB4F}
	EndGlobalSection
EndGlobal
